// !$*UTF8*$!
{
	archiveVersion = 1;
	classes = {
	};
	objectVersion = 50;
	objects = {

/* Begin PBXBuildFile section */
		4C34347438BCF22C3A2FE8B5 /* Pods_URLSessionDownloader.framework in Frameworks */ = {isa = PBXBuildFile; fileRef = B90FAAB46A379772B872DFFE /* Pods_URLSessionDownloader.framework */; };
		6A3A77E224224BA000722E02 /* NetStatus.swift in Sources */ = {isa = PBXBuildFile; fileRef = 6A3A77E124224BA000722E02 /* NetStatus.swift */; };
		6A9078D2240F1AC100312C97 /* AppDelegate.swift in Sources */ = {isa = PBXBuildFile; fileRef = 6A9078D1240F1AC100312C97 /* AppDelegate.swift */; };
		6A9078DB240F1AC300312C97 /* Assets.xcassets in Resources */ = {isa = PBXBuildFile; fileRef = 6A9078DA240F1AC300312C97 /* Assets.xcassets */; };
		6A9078DE240F1AC300312C97 /* LaunchScreen.storyboard in Resources */ = {isa = PBXBuildFile; fileRef = 6A9078DC240F1AC300312C97 /* LaunchScreen.storyboard */; };
		6A9078E7240F1C5700312C97 /* Download.swift in Sources */ = {isa = PBXBuildFile; fileRef = 6A9078E6240F1C5700312C97 /* Download.swift */; };
		6A9078E9240FD2C300312C97 /* DownloadService.swift in Sources */ = {isa = PBXBuildFile; fileRef = 6A9078E8240FD2C300312C97 /* DownloadService.swift */; };
		6A9078EF240FDB4000312C97 /* DownloadsViewController.swift in Sources */ = {isa = PBXBuildFile; fileRef = 6A9078EE240FDB4000312C97 /* DownloadsViewController.swift */; };
		6A9078F1240FDB6100312C97 /* Downloads.storyboard in Resources */ = {isa = PBXBuildFile; fileRef = 6A9078F0240FDB6100312C97 /* Downloads.storyboard */; };
		6A9078F5240FDC9100312C97 /* DownloadTableViewCell.swift in Sources */ = {isa = PBXBuildFile; fileRef = 6A9078F3240FDC9100312C97 /* DownloadTableViewCell.swift */; };
		6A91341D2417AB7400FD3980 /* ImageResponse.swift in Sources */ = {isa = PBXBuildFile; fileRef = 6A91341C2417AB7400FD3980 /* ImageResponse.swift */; };
		6A9134222417AD8500FD3980 /* NetworkManagers.swift in Sources */ = {isa = PBXBuildFile; fileRef = 6A9134212417AD8500FD3980 /* NetworkManagers.swift */; };
		6A9134242417B9FD00FD3980 /* Credentials.swift in Sources */ = {isa = PBXBuildFile; fileRef = 6A9134232417B9FD00FD3980 /* Credentials.swift */; };
		7CB6AE5F241833A100EBB59B /* PreviewViewController.swift in Sources */ = {isa = PBXBuildFile; fileRef = 7CB6AE5E241833A100EBB59B /* PreviewViewController.swift */; };
		7CB6AE612418346600EBB59B /* SceneDelegate.swift in Sources */ = {isa = PBXBuildFile; fileRef = 7CB6AE602418346600EBB59B /* SceneDelegate.swift */; };
/* End PBXBuildFile section */

/* Begin PBXFileReference section */
		6A3A77E124224BA000722E02 /* NetStatus.swift */ = {isa = PBXFileReference; lastKnownFileType = sourcecode.swift; path = NetStatus.swift; sourceTree = "<group>"; };
		6A9078CE240F1AC100312C97 /* URLSessionDownloader.app */ = {isa = PBXFileReference; explicitFileType = wrapper.application; includeInIndex = 0; path = URLSessionDownloader.app; sourceTree = BUILT_PRODUCTS_DIR; };
		6A9078D1240F1AC100312C97 /* AppDelegate.swift */ = {isa = PBXFileReference; lastKnownFileType = sourcecode.swift; path = AppDelegate.swift; sourceTree = "<group>"; };
		6A9078DA240F1AC300312C97 /* Assets.xcassets */ = {isa = PBXFileReference; lastKnownFileType = folder.assetcatalog; path = Assets.xcassets; sourceTree = "<group>"; };
		6A9078DD240F1AC300312C97 /* Base */ = {isa = PBXFileReference; lastKnownFileType = file.storyboard; name = Base; path = Base.lproj/LaunchScreen.storyboard; sourceTree = "<group>"; };
		6A9078DF240F1AC300312C97 /* Info.plist */ = {isa = PBXFileReference; lastKnownFileType = text.plist.xml; path = Info.plist; sourceTree = "<group>"; };
		6A9078E6240F1C5700312C97 /* Download.swift */ = {isa = PBXFileReference; lastKnownFileType = sourcecode.swift; path = Download.swift; sourceTree = "<group>"; };
		6A9078E8240FD2C300312C97 /* DownloadService.swift */ = {isa = PBXFileReference; lastKnownFileType = sourcecode.swift; path = DownloadService.swift; sourceTree = "<group>"; };
		6A9078EE240FDB4000312C97 /* DownloadsViewController.swift */ = {isa = PBXFileReference; lastKnownFileType = sourcecode.swift; path = DownloadsViewController.swift; sourceTree = "<group>"; wrapsLines = 0; };
		6A9078F0240FDB6100312C97 /* Downloads.storyboard */ = {isa = PBXFileReference; lastKnownFileType = file.storyboard; path = Downloads.storyboard; sourceTree = "<group>"; };
		6A9078F3240FDC9100312C97 /* DownloadTableViewCell.swift */ = {isa = PBXFileReference; lastKnownFileType = sourcecode.swift; path = DownloadTableViewCell.swift; sourceTree = "<group>"; };
		6A91341C2417AB7400FD3980 /* ImageResponse.swift */ = {isa = PBXFileReference; lastKnownFileType = sourcecode.swift; path = ImageResponse.swift; sourceTree = "<group>"; };
		6A9134212417AD8500FD3980 /* NetworkManagers.swift */ = {isa = PBXFileReference; lastKnownFileType = sourcecode.swift; path = NetworkManagers.swift; sourceTree = "<group>"; };
		6A9134232417B9FD00FD3980 /* Credentials.swift */ = {isa = PBXFileReference; lastKnownFileType = sourcecode.swift; path = Credentials.swift; sourceTree = "<group>"; };
		758FED7F4C660CB2AF6A532D /* Pods-URLSessionDownloader.debug.xcconfig */ = {isa = PBXFileReference; includeInIndex = 1; lastKnownFileType = text.xcconfig; name = "Pods-URLSessionDownloader.debug.xcconfig"; path = "Target Support Files/Pods-URLSessionDownloader/Pods-URLSessionDownloader.debug.xcconfig"; sourceTree = "<group>"; };
		7CB6AE5E241833A100EBB59B /* PreviewViewController.swift */ = {isa = PBXFileReference; lastKnownFileType = sourcecode.swift; path = PreviewViewController.swift; sourceTree = "<group>"; };
		7CB6AE602418346600EBB59B /* SceneDelegate.swift */ = {isa = PBXFileReference; lastKnownFileType = sourcecode.swift; path = SceneDelegate.swift; sourceTree = "<group>"; };
		B90FAAB46A379772B872DFFE /* Pods_URLSessionDownloader.framework */ = {isa = PBXFileReference; explicitFileType = wrapper.framework; includeInIndex = 0; path = Pods_URLSessionDownloader.framework; sourceTree = BUILT_PRODUCTS_DIR; };
		D3E3F39319602D8608947682 /* Pods-URLSessionDownloader.release.xcconfig */ = {isa = PBXFileReference; includeInIndex = 1; lastKnownFileType = text.xcconfig; name = "Pods-URLSessionDownloader.release.xcconfig"; path = "Target Support Files/Pods-URLSessionDownloader/Pods-URLSessionDownloader.release.xcconfig"; sourceTree = "<group>"; };
/* End PBXFileReference section */

/* Begin PBXFrameworksBuildPhase section */
		6A9078CB240F1AC100312C97 /* Frameworks */ = {
			isa = PBXFrameworksBuildPhase;
			buildActionMask = 2147483647;
			files = (
				4C34347438BCF22C3A2FE8B5 /* Pods_URLSessionDownloader.framework in Frameworks */,
			);
			runOnlyForDeploymentPostprocessing = 0;
		};
/* End PBXFrameworksBuildPhase section */

/* Begin PBXGroup section */
		6A9078C5240F1AC100312C97 = {
			isa = PBXGroup;
			children = (
				6A9078D0240F1AC100312C97 /* URLSessionDownloader */,
				6A9078CF240F1AC100312C97 /* Products */,
				7F6EB13E093E0DC8964B859F /* Pods */,
				CE424E0D2CDB7C9A36E5304D /* Frameworks */,
			);
			sourceTree = "<group>";
		};
		6A9078CF240F1AC100312C97 /* Products */ = {
			isa = PBXGroup;
			children = (
				6A9078CE240F1AC100312C97 /* URLSessionDownloader.app */,
			);
			name = Products;
			sourceTree = "<group>";
		};
		6A9078D0240F1AC100312C97 /* URLSessionDownloader */ = {
			isa = PBXGroup;
			children = (
				6A9078ED240FDB2700312C97 /* ViewControllers */,
				6A9078EA240FD5AC00312C97 /* Models */,
				6A9078E5240F1C4900312C97 /* Networking */,
				6A9078D1240F1AC100312C97 /* AppDelegate.swift */,
				6A9078DA240F1AC300312C97 /* Assets.xcassets */,
				6A9078DC240F1AC300312C97 /* LaunchScreen.storyboard */,
				6A9078DF240F1AC300312C97 /* Info.plist */,
				7CB6AE602418346600EBB59B /* SceneDelegate.swift */,
			);
			path = URLSessionDownloader;
			sourceTree = "<group>";
		};
		6A9078E5240F1C4900312C97 /* Networking */ = {
			isa = PBXGroup;
			children = (
				6A9134202417AD7200FD3980 /* NetworkManagers */,
				6A91341F2417AD4600FD3980 /* Services */,
				6A9134232417B9FD00FD3980 /* Credentials.swift */,
				6A3A77E124224BA000722E02 /* NetStatus.swift */,
			);
			path = Networking;
			sourceTree = "<group>";
		};
		6A9078EA240FD5AC00312C97 /* Models */ = {
			isa = PBXGroup;
			children = (
				6A9078E6240F1C5700312C97 /* Download.swift */,
				6A91341C2417AB7400FD3980 /* ImageResponse.swift */,
			);
			path = Models;
			sourceTree = "<group>";
		};
		6A9078ED240FDB2700312C97 /* ViewControllers */ = {
			isa = PBXGroup;
			children = (
				7CB6AE5B2418337700EBB59B /* PreviewViewController */,
				6A9078F2240FDC3C00312C97 /* DownloadsViewController */,
			);
			path = ViewControllers;
			sourceTree = "<group>";
		};
		6A9078F2240FDC3C00312C97 /* DownloadsViewController */ = {
			isa = PBXGroup;
			children = (
				6A9078EE240FDB4000312C97 /* DownloadsViewController.swift */,
				6A9078F0240FDB6100312C97 /* Downloads.storyboard */,
				6A9078F7240FDC9900312C97 /* DownloadTableViewCell */,
			);
			path = DownloadsViewController;
			sourceTree = "<group>";
		};
		6A9078F7240FDC9900312C97 /* DownloadTableViewCell */ = {
			isa = PBXGroup;
			children = (
				6A9078F3240FDC9100312C97 /* DownloadTableViewCell.swift */,
			);
			path = DownloadTableViewCell;
			sourceTree = "<group>";
		};
		6A91341F2417AD4600FD3980 /* Services */ = {
			isa = PBXGroup;
			children = (
				6A9078E8240FD2C300312C97 /* DownloadService.swift */,
			);
			path = Services;
			sourceTree = "<group>";
		};
		6A9134202417AD7200FD3980 /* NetworkManagers */ = {
			isa = PBXGroup;
			children = (
				6A9134212417AD8500FD3980 /* NetworkManagers.swift */,
			);
			path = NetworkManagers;
			sourceTree = "<group>";
		};
		7CB6AE5B2418337700EBB59B /* PreviewViewController */ = {
			isa = PBXGroup;
			children = (
				7CB6AE5E241833A100EBB59B /* PreviewViewController.swift */,
			);
			path = PreviewViewController;
			sourceTree = "<group>";
		};
		7F6EB13E093E0DC8964B859F /* Pods */ = {
			isa = PBXGroup;
			children = (
				758FED7F4C660CB2AF6A532D /* Pods-URLSessionDownloader.debug.xcconfig */,
				D3E3F39319602D8608947682 /* Pods-URLSessionDownloader.release.xcconfig */,
			);
			path = Pods;
			sourceTree = "<group>";
		};
		CE424E0D2CDB7C9A36E5304D /* Frameworks */ = {
			isa = PBXGroup;
			children = (
				B90FAAB46A379772B872DFFE /* Pods_URLSessionDownloader.framework */,
			);
			name = Frameworks;
			sourceTree = "<group>";
		};
/* End PBXGroup section */

/* Begin PBXNativeTarget section */
		6A9078CD240F1AC100312C97 /* URLSessionDownloader */ = {
			isa = PBXNativeTarget;
			buildConfigurationList = 6A9078E2240F1AC300312C97 /* Build configuration list for PBXNativeTarget "URLSessionDownloader" */;
			buildPhases = (
				B617158EE025C4DC93529FFF /* [CP] Check Pods Manifest.lock */,
				6A9078CA240F1AC100312C97 /* Sources */,
				6A9078CB240F1AC100312C97 /* Frameworks */,
				6A9078CC240F1AC100312C97 /* Resources */,
				6AAF55F824128242005D6965 /* ShellScript */,
			);
			buildRules = (
			);
			dependencies = (
			);
			name = URLSessionDownloader;
			productName = URLSession_Downloader;
			productReference = 6A9078CE240F1AC100312C97 /* URLSessionDownloader.app */;
			productType = "com.apple.product-type.application";
		};
/* End PBXNativeTarget section */

/* Begin PBXProject section */
		6A9078C6240F1AC100312C97 /* Project object */ = {
			isa = PBXProject;
			attributes = {
				LastSwiftUpdateCheck = 1130;
				LastUpgradeCheck = 1130;
				ORGANIZATIONNAME = "Oleh Mykytyn";
				TargetAttributes = {
					6A9078CD240F1AC100312C97 = {
						CreatedOnToolsVersion = 11.3.1;
					};
				};
			};
			buildConfigurationList = 6A9078C9240F1AC100312C97 /* Build configuration list for PBXProject "URLSessionDownloader" */;
			compatibilityVersion = "Xcode 9.3";
			developmentRegion = en;
			hasScannedForEncodings = 0;
			knownRegions = (
				en,
				Base,
			);
			mainGroup = 6A9078C5240F1AC100312C97;
			productRefGroup = 6A9078CF240F1AC100312C97 /* Products */;
			projectDirPath = "";
			projectRoot = "";
			targets = (
				6A9078CD240F1AC100312C97 /* URLSessionDownloader */,
			);
		};
/* End PBXProject section */

/* Begin PBXResourcesBuildPhase section */
		6A9078CC240F1AC100312C97 /* Resources */ = {
			isa = PBXResourcesBuildPhase;
			buildActionMask = 2147483647;
			files = (
				6A9078DE240F1AC300312C97 /* LaunchScreen.storyboard in Resources */,
				6A9078DB240F1AC300312C97 /* Assets.xcassets in Resources */,
				6A9078F1240FDB6100312C97 /* Downloads.storyboard in Resources */,
			);
			runOnlyForDeploymentPostprocessing = 0;
		};
/* End PBXResourcesBuildPhase section */

/* Begin PBXShellScriptBuildPhase section */
		6AAF55F824128242005D6965 /* ShellScript */ = {
			isa = PBXShellScriptBuildPhase;
			buildActionMask = 2147483647;
			files = (
			);
			inputFileListPaths = (
			);
			inputPaths = (
			);
			outputFileListPaths = (
			);
			outputPaths = (
			);
			runOnlyForDeploymentPostprocessing = 0;
			shellPath = /bin/sh;
			shellScript = "\"${PODS_ROOT}/SwiftLint/swiftlint\"\n";
		};
		B617158EE025C4DC93529FFF /* [CP] Check Pods Manifest.lock */ = {
			isa = PBXShellScriptBuildPhase;
			buildActionMask = 2147483647;
			files = (
			);
			inputFileListPaths = (
			);
			inputPaths = (
				"${PODS_PODFILE_DIR_PATH}/Podfile.lock",
				"${PODS_ROOT}/Manifest.lock",
			);
			name = "[CP] Check Pods Manifest.lock";
			outputFileListPaths = (
			);
			outputPaths = (
				"$(DERIVED_FILE_DIR)/Pods-URLSessionDownloader-checkManifestLockResult.txt",
			);
			runOnlyForDeploymentPostprocessing = 0;
			shellPath = /bin/sh;
			shellScript = "diff \"${PODS_PODFILE_DIR_PATH}/Podfile.lock\" \"${PODS_ROOT}/Manifest.lock\" > /dev/null\nif [ $? != 0 ] ; then\n    # print error to STDERR\n    echo \"error: The sandbox is not in sync with the Podfile.lock. Run 'pod install' or update your CocoaPods installation.\" >&2\n    exit 1\nfi\n# This output is used by Xcode 'outputs' to avoid re-running this script phase.\necho \"SUCCESS\" > \"${SCRIPT_OUTPUT_FILE_0}\"\n";
			showEnvVarsInLog = 0;
		};
/* End PBXShellScriptBuildPhase section */

/* Begin PBXSourcesBuildPhase section */
		6A9078CA240F1AC100312C97 /* Sources */ = {
			isa = PBXSourcesBuildPhase;
			buildActionMask = 2147483647;
			files = (
				6A3A77E224224BA000722E02 /* NetStatus.swift in Sources */,
				6A9134222417AD8500FD3980 /* NetworkManagers.swift in Sources */,
				6A9078E9240FD2C300312C97 /* DownloadService.swift in Sources */,
				6A9134242417B9FD00FD3980 /* Credentials.swift in Sources */,
				7CB6AE5F241833A100EBB59B /* PreviewViewController.swift in Sources */,
				6A9078F5240FDC9100312C97 /* DownloadTableViewCell.swift in Sources */,
				6A9078EF240FDB4000312C97 /* DownloadsViewController.swift in Sources */,
				7CB6AE612418346600EBB59B /* SceneDelegate.swift in Sources */,
				6A9078D2240F1AC100312C97 /* AppDelegate.swift in Sources */,
				6A9078E7240F1C5700312C97 /* Download.swift in Sources */,
				6A91341D2417AB7400FD3980 /* ImageResponse.swift in Sources */,
			);
			runOnlyForDeploymentPostprocessing = 0;
		};
/* End PBXSourcesBuildPhase section */

/* Begin PBXVariantGroup section */
		6A9078DC240F1AC300312C97 /* LaunchScreen.storyboard */ = {
			isa = PBXVariantGroup;
			children = (
				6A9078DD240F1AC300312C97 /* Base */,
			);
			name = LaunchScreen.storyboard;
			sourceTree = "<group>";
		};
/* End PBXVariantGroup section */

/* Begin XCBuildConfiguration section */
		6A9078E0240F1AC300312C97 /* Debug */ = {
			isa = XCBuildConfiguration;
			buildSettings = {
				ALWAYS_SEARCH_USER_PATHS = NO;
				CLANG_ANALYZER_NONNULL = YES;
				CLANG_ANALYZER_NUMBER_OBJECT_CONVERSION = YES_AGGRESSIVE;
				CLANG_CXX_LANGUAGE_STANDARD = "gnu++14";
				CLANG_CXX_LIBRARY = "libc++";
				CLANG_ENABLE_MODULES = YES;
				CLANG_ENABLE_OBJC_ARC = YES;
				CLANG_ENABLE_OBJC_WEAK = YES;
				CLANG_WARN_BLOCK_CAPTURE_AUTORELEASING = YES;
				CLANG_WARN_BOOL_CONVERSION = YES;
				CLANG_WARN_COMMA = YES;
				CLANG_WARN_CONSTANT_CONVERSION = YES;
				CLANG_WARN_DEPRECATED_OBJC_IMPLEMENTATIONS = YES;
				CLANG_WARN_DIRECT_OBJC_ISA_USAGE = YES_ERROR;
				CLANG_WARN_DOCUMENTATION_COMMENTS = YES;
				CLANG_WARN_EMPTY_BODY = YES;
				CLANG_WARN_ENUM_CONVERSION = YES;
				CLANG_WARN_INFINITE_RECURSION = YES;
				CLANG_WARN_INT_CONVERSION = YES;
				CLANG_WARN_NON_LITERAL_NULL_CONVERSION = YES;
				CLANG_WARN_OBJC_IMPLICIT_RETAIN_SELF = YES;
				CLANG_WARN_OBJC_LITERAL_CONVERSION = YES;
				CLANG_WARN_OBJC_ROOT_CLASS = YES_ERROR;
				CLANG_WARN_RANGE_LOOP_ANALYSIS = YES;
				CLANG_WARN_STRICT_PROTOTYPES = YES;
				CLANG_WARN_SUSPICIOUS_MOVE = YES;
				CLANG_WARN_UNGUARDED_AVAILABILITY = YES_AGGRESSIVE;
				CLANG_WARN_UNREACHABLE_CODE = YES;
				CLANG_WARN__DUPLICATE_METHOD_MATCH = YES;
				COPY_PHASE_STRIP = NO;
				DEBUG_INFORMATION_FORMAT = dwarf;
				ENABLE_STRICT_OBJC_MSGSEND = YES;
				ENABLE_TESTABILITY = YES;
				GCC_C_LANGUAGE_STANDARD = gnu11;
				GCC_DYNAMIC_NO_PIC = NO;
				GCC_NO_COMMON_BLOCKS = YES;
				GCC_OPTIMIZATION_LEVEL = 0;
				GCC_PREPROCESSOR_DEFINITIONS = (
					"DEBUG=1",
					"$(inherited)",
				);
				GCC_WARN_64_TO_32_BIT_CONVERSION = YES;
				GCC_WARN_ABOUT_RETURN_TYPE = YES_ERROR;
				GCC_WARN_UNDECLARED_SELECTOR = YES;
				GCC_WARN_UNINITIALIZED_AUTOS = YES_AGGRESSIVE;
				GCC_WARN_UNUSED_FUNCTION = YES;
				GCC_WARN_UNUSED_VARIABLE = YES;
				IPHONEOS_DEPLOYMENT_TARGET = 13.2;
				MTL_ENABLE_DEBUG_INFO = INCLUDE_SOURCE;
				MTL_FAST_MATH = YES;
				ONLY_ACTIVE_ARCH = YES;
				SDKROOT = iphoneos;
				SWIFT_ACTIVE_COMPILATION_CONDITIONS = DEBUG;
				SWIFT_OPTIMIZATION_LEVEL = "-Onone";
			};
			name = Debug;
		};
		6A9078E1240F1AC300312C97 /* Release */ = {
			isa = XCBuildConfiguration;
			buildSettings = {
				ALWAYS_SEARCH_USER_PATHS = NO;
				CLANG_ANALYZER_NONNULL = YES;
				CLANG_ANALYZER_NUMBER_OBJECT_CONVERSION = YES_AGGRESSIVE;
				CLANG_CXX_LANGUAGE_STANDARD = "gnu++14";
				CLANG_CXX_LIBRARY = "libc++";
				CLANG_ENABLE_MODULES = YES;
				CLANG_ENABLE_OBJC_ARC = YES;
				CLANG_ENABLE_OBJC_WEAK = YES;
				CLANG_WARN_BLOCK_CAPTURE_AUTORELEASING = YES;
				CLANG_WARN_BOOL_CONVERSION = YES;
				CLANG_WARN_COMMA = YES;
				CLANG_WARN_CONSTANT_CONVERSION = YES;
				CLANG_WARN_DEPRECATED_OBJC_IMPLEMENTATIONS = YES;
				CLANG_WARN_DIRECT_OBJC_ISA_USAGE = YES_ERROR;
				CLANG_WARN_DOCUMENTATION_COMMENTS = YES;
				CLANG_WARN_EMPTY_BODY = YES;
				CLANG_WARN_ENUM_CONVERSION = YES;
				CLANG_WARN_INFINITE_RECURSION = YES;
				CLANG_WARN_INT_CONVERSION = YES;
				CLANG_WARN_NON_LITERAL_NULL_CONVERSION = YES;
				CLANG_WARN_OBJC_IMPLICIT_RETAIN_SELF = YES;
				CLANG_WARN_OBJC_LITERAL_CONVERSION = YES;
				CLANG_WARN_OBJC_ROOT_CLASS = YES_ERROR;
				CLANG_WARN_RANGE_LOOP_ANALYSIS = YES;
				CLANG_WARN_STRICT_PROTOTYPES = YES;
				CLANG_WARN_SUSPICIOUS_MOVE = YES;
				CLANG_WARN_UNGUARDED_AVAILABILITY = YES_AGGRESSIVE;
				CLANG_WARN_UNREACHABLE_CODE = YES;
				CLANG_WARN__DUPLICATE_METHOD_MATCH = YES;
				COPY_PHASE_STRIP = NO;
				DEBUG_INFORMATION_FORMAT = "dwarf-with-dsym";
				ENABLE_NS_ASSERTIONS = NO;
				ENABLE_STRICT_OBJC_MSGSEND = YES;
				GCC_C_LANGUAGE_STANDARD = gnu11;
				GCC_NO_COMMON_BLOCKS = YES;
				GCC_WARN_64_TO_32_BIT_CONVERSION = YES;
				GCC_WARN_ABOUT_RETURN_TYPE = YES_ERROR;
				GCC_WARN_UNDECLARED_SELECTOR = YES;
				GCC_WARN_UNINITIALIZED_AUTOS = YES_AGGRESSIVE;
				GCC_WARN_UNUSED_FUNCTION = YES;
				GCC_WARN_UNUSED_VARIABLE = YES;
				IPHONEOS_DEPLOYMENT_TARGET = 13.2;
				MTL_ENABLE_DEBUG_INFO = NO;
				MTL_FAST_MATH = YES;
				SDKROOT = iphoneos;
				SWIFT_COMPILATION_MODE = wholemodule;
				SWIFT_OPTIMIZATION_LEVEL = "-O";
				VALIDATE_PRODUCT = YES;
			};
			name = Release;
		};
		6A9078E3240F1AC300312C97 /* Debug */ = {
			isa = XCBuildConfiguration;
			baseConfigurationReference = 758FED7F4C660CB2AF6A532D /* Pods-URLSessionDownloader.debug.xcconfig */;
			buildSettings = {
				ASSETCATALOG_COMPILER_APPICON_NAME = AppIcon;
				CODE_SIGN_STYLE = Automatic;
				INFOPLIST_FILE = URLSessionDownloader/Info.plist;
				LD_RUNPATH_SEARCH_PATHS = (
					"$(inherited)",
					"@executable_path/Frameworks",
				);
				PRODUCT_BUNDLE_IDENTIFIER = com.mykytyn.URLSessionDownloader;
				PRODUCT_NAME = URLSessionDownloader;
				SWIFT_VERSION = 5.0;
				TARGETED_DEVICE_FAMILY = "1,2";
			};
			name = Debug;
		};
		6A9078E4240F1AC300312C97 /* Release */ = {
			isa = XCBuildConfiguration;
			baseConfigurationReference = D3E3F39319602D8608947682 /* Pods-URLSessionDownloader.release.xcconfig */;
			buildSettings = {
				ASSETCATALOG_COMPILER_APPICON_NAME = AppIcon;
				CODE_SIGN_STYLE = Automatic;
				INFOPLIST_FILE = URLSessionDownloader/Info.plist;
				LD_RUNPATH_SEARCH_PATHS = (
					"$(inherited)",
					"@executable_path/Frameworks",
				);
				PRODUCT_BUNDLE_IDENTIFIER = com.mykytyn.URLSessionDownloader;
				PRODUCT_NAME = URLSessionDownloader;
				SWIFT_VERSION = 5.0;
				TARGETED_DEVICE_FAMILY = "1,2";
			};
			name = Release;
		};
/* End XCBuildConfiguration section */

/* Begin XCConfigurationList section */
		6A9078C9240F1AC100312C97 /* Build configuration list for PBXProject "URLSessionDownloader" */ = {
			isa = XCConfigurationList;
			buildConfigurations = (
				6A9078E0240F1AC300312C97 /* Debug */,
				6A9078E1240F1AC300312C97 /* Release */,
			);
			defaultConfigurationIsVisible = 0;
			defaultConfigurationName = Release;
		};
		6A9078E2240F1AC300312C97 /* Build configuration list for PBXNativeTarget "URLSessionDownloader" */ = {
			isa = XCConfigurationList;
			buildConfigurations = (
				6A9078E3240F1AC300312C97 /* Debug */,
				6A9078E4240F1AC300312C97 /* Release */,
			);
			defaultConfigurationIsVisible = 0;
			defaultConfigurationName = Release;
		};
/* End XCConfigurationList section */
	};
	rootObject = 6A9078C6240F1AC100312C97 /* Project object */;
}
